{
  "requires": true,
  "lockfileVersion": 1,
  "dependencies": {
    "cordova-plugin-app-event": {
      "version": "https://registry.npmjs.org/cordova-plugin-app-event/-/cordova-plugin-app-event-1.2.0.tgz",
      "integrity": "sha1-69OnC/2PJjANQODmyCSUh+xT1fI="
    },
    "cordova-plugin-calendar": {
      "version": "git+https://github.com/EddyVerbruggen/Calendar-PhoneGap-Plugin.git#9cf086ccda773f542c5583c286fa1acd65c4e10a"
    },
    "cordova-plugin-device": {
      "version": "https://registry.npmjs.org/cordova-plugin-device/-/cordova-plugin-device-1.1.6.tgz",
      "integrity": "sha1-LSF2TK18m4AVI+TgmjDgJLJJM0s="
    },
    "cordova-plugin-dialogs": {
      "version": "https://registry.npmjs.org/cordova-plugin-dialogs/-/cordova-plugin-dialogs-1.3.3.tgz",
      "integrity": "sha1-Uy/y61yGEzpYeFUNrlnHarOX+Mk="
    },
    "cordova-plugin-sms": {
      "version": "https://registry.npmjs.org/cordova-plugin-sms/-/cordova-plugin-sms-1.0.5.tgz",
      "integrity": "sha1-ZkQJVMGfc+4+jjXlxxrhI/Q8t7I="
    },
    "cordova-sms-plugin": {
      "version": "https://registry.npmjs.org/cordova-sms-plugin/-/cordova-sms-plugin-0.1.11.tgz",
      "integrity": "sha1-Lat6Qyw+6LvXxK3ILUBdDjQxMt8="
    },
    "de.appplant.cordova.plugin.local-notification": {
      "version": "git+https://github.com/katzer/cordova-plugin-local-notifications.git#64a6e557fd10dcd66a13b22b6aa0ed50163bcd91",
      "integrity": "sha1-r0FLA2B8OwGBYVsR8EXdhc+yjkQ=",
      "requires": {
        "cordova-plugin-app-event": "https://registry.npmjs.org/cordova-plugin-app-event/-/cordova-plugin-app-event-1.2.0.tgz",
        "cordova-plugin-device": "https://registry.npmjs.org/cordova-plugin-device/-/cordova-plugin-device-1.1.6.tgz"
      }
    }
  }
}
